
Microsoft Visual Studio Solution File, Format Version 12.00
# Visual Studio Version 17
VisualStudioVersion = 17.6.33829.357
MinimumVisualStudioVersion = 10.0.40219.1
Project("{9A19103F-16F7-4668-BE54-9A1E7A4F7556}") = "AssemblyPlaygroundConsoleNet7", "AssemblyPlaygroundConsoleNet7\AssemblyPlaygroundConsoleNet7.csproj", "{B166E282-25B3-4FE3-8CC5-514AA86FA7E9}"
EndProject
Project("{9A19103F-16F7-4668-BE54-9A1E7A4F7556}") = "Math.Core", "Math.Core\Math.Core.csproj", "{4106ECF7-FD6F-46B9-8A31-5F0A12E9F75C}"
EndProject
Project("{9A19103F-16F7-4668-BE54-9A1E7A4F7556}") = "Math.Advanced", "Math.Advanced\Math.Advanced.csproj", "{6BB66FA4-37AC-4E4A-B231-D4AD956801F5}"
EndProject
Project("{9A19103F-16F7-4668-BE54-9A1E7A4F7556}") = "AssemblyPlaygroundConsoleNet461", "AssemblyPlaygroundConsoleNet461\AssemblyPlaygroundConsoleNet461.csproj", "{E5F7707F-1665-4028-9238-25BF0C9DC851}"
EndProject
Project("{FAE04EC0-301F-11D3-BF4B-00C04F79EFBC}") = "AssemblyPlaygroundConsoleNet462", "AssemblyPlaygroundConsoleNet462\AssemblyPlaygroundConsoleNet462.csproj", "{0EA17E87-F432-418C-BA84-067BD11E8690}"
EndProject
Project("{FAE04EC0-301F-11D3-BF4B-00C04F79EFBC}") = "AssemblyReflectionConsoleApp", "AssemblyReflectionConsoleApp\AssemblyReflectionConsoleApp.csproj", "{1BD443DA-2A43-4F77-AC1E-40D0680FC8C2}"
EndProject
Global
	GlobalSection(SolutionConfigurationPlatforms) = preSolution
		Debug|Any CPU = Debug|Any CPU
		Release|Any CPU = Release|Any CPU
	EndGlobalSection
	GlobalSection(ProjectConfigurationPlatforms) = postSolution
		{B166E282-25B3-4FE3-8CC5-514AA86FA7E9}.Debug|Any CPU.ActiveCfg = Debug|Any CPU
		{B166E282-25B3-4FE3-8CC5-514AA86FA7E9}.Debug|Any CPU.Build.0 = Debug|Any CPU
		{B166E282-25B3-4FE3-8CC5-514AA86FA7E9}.Release|Any CPU.ActiveCfg = Release|Any CPU
		{B166E282-25B3-4FE3-8CC5-514AA86FA7E9}.Release|Any CPU.Build.0 = Release|Any CPU
		{4106ECF7-FD6F-46B9-8A31-5F0A12E9F75C}.Debug|Any CPU.ActiveCfg = Debug|Any CPU
		{4106ECF7-FD6F-46B9-8A31-5F0A12E9F75C}.Debug|Any CPU.Build.0 = Debug|Any CPU
		{4106ECF7-FD6F-46B9-8A31-5F0A12E9F75C}.Release|Any CPU.ActiveCfg = Release|Any CPU
		{4106ECF7-FD6F-46B9-8A31-5F0A12E9F75C}.Release|Any CPU.Build.0 = Release|Any CPU
		{6BB66FA4-37AC-4E4A-B231-D4AD956801F5}.Debug|Any CPU.ActiveCfg = Debug|Any CPU
		{6BB66FA4-37AC-4E4A-B231-D4AD956801F5}.Debug|Any CPU.Build.0 = Debug|Any CPU
		{6BB66FA4-37AC-4E4A-B231-D4AD956801F5}.Release|Any CPU.ActiveCfg = Release|Any CPU
		{6BB66FA4-37AC-4E4A-B231-D4AD956801F5}.Release|Any CPU.Build.0 = Release|Any CPU
		{E5F7707F-1665-4028-9238-25BF0C9DC851}.Debug|Any CPU.ActiveCfg = Debug|Any CPU
		{E5F7707F-1665-4028-9238-25BF0C9DC851}.Debug|Any CPU.Build.0 = Debug|Any CPU
		{E5F7707F-1665-4028-9238-25BF0C9DC851}.Release|Any CPU.ActiveCfg = Release|Any CPU
		{E5F7707F-1665-4028-9238-25BF0C9DC851}.Release|Any CPU.Build.0 = Release|Any CPU
		{0EA17E87-F432-418C-BA84-067BD11E8690}.Debug|Any CPU.ActiveCfg = Debug|Any CPU
		{0EA17E87-F432-418C-BA84-067BD11E8690}.Debug|Any CPU.Build.0 = Debug|Any CPU
		{0EA17E87-F432-418C-BA84-067BD11E8690}.Release|Any CPU.ActiveCfg = Release|Any CPU
		{0EA17E87-F432-418C-BA84-067BD11E8690}.Release|Any CPU.Build.0 = Release|Any CPU
		{1BD443DA-2A43-4F77-AC1E-40D0680FC8C2}.Debug|Any CPU.ActiveCfg = Debug|Any CPU
		{1BD443DA-2A43-4F77-AC1E-40D0680FC8C2}.Debug|Any CPU.Build.0 = Debug|Any CPU
		{1BD443DA-2A43-4F77-AC1E-40D0680FC8C2}.Release|Any CPU.ActiveCfg = Release|Any CPU
		{1BD443DA-2A43-4F77-AC1E-40D0680FC8C2}.Release|Any CPU.Build.0 = Release|Any CPU
	EndGlobalSection
	GlobalSection(SolutionProperties) = preSolution
		HideSolutionNode = FALSE
	EndGlobalSection
	GlobalSection(ExtensibilityGlobals) = postSolution
		SolutionGuid = {E1E8064D-31C8-45FA-A3F3-844D92AF477B}
	EndGlobalSection
EndGlobal
